
Microsoft Visual Studio Solution File, Format Version 12.00
# Visual Studio Version 17
VisualStudioVersion = 17.5.33516.290
MinimumVisualStudioVersion = 10.0.40219.1
Project("{8BC9CEB8-8B4A-11D0-8D11-00A0C91BC942}") = "Elevator Simulator", "Elevator Simulator.vcxproj", "{C2BD88FE-E990-4EF0-BF18-29FDBF837CF8}"
EndProject
Project("{8BC9CEB8-8B4A-11D0-8D11-00A0C91BC942}") = "UnitTest1", "UnitTest1\UnitTest1.vcxproj", "{65A0D453-CDF1-41B2-8D45-0EF288E5187B}"
EndProject
Global
	GlobalSection(SolutionConfigurationPlatforms) = preSolution
		Debug|Any CPU = Debug|Any CPU
		Debug|x64 = Debug|x64
		Debug|x86 = Debug|x86
		Release|Any CPU = Release|Any CPU
		Release|x64 = Release|x64
		Release|x86 = Release|x86
	EndGlobalSection
	GlobalSection(ProjectConfigurationPlatforms) = postSolution
		{C2BD88FE-E990-4EF0-BF18-29FDBF837CF8}.Debug|Any CPU.ActiveCfg = Debug|x64
		{C2BD88FE-E990-4EF0-BF18-29FDBF837CF8}.Debug|Any CPU.Build.0 = Debug|x64
		{C2BD88FE-E990-4EF0-BF18-29FDBF837CF8}.Debug|x64.ActiveCfg = Debug|x64
		{C2BD88FE-E990-4EF0-BF18-29FDBF837CF8}.Debug|x64.Build.0 = Debug|x64
		{C2BD88FE-E990-4EF0-BF18-29FDBF837CF8}.Debug|x86.ActiveCfg = Debug|Win32
		{C2BD88FE-E990-4EF0-BF18-29FDBF837CF8}.Debug|x86.Build.0 = Debug|Win32
		{C2BD88FE-E990-4EF0-BF18-29FDBF837CF8}.Release|Any CPU.ActiveCfg = Release|x64
		{C2BD88FE-E990-4EF0-BF18-29FDBF837CF8}.Release|Any CPU.Build.0 = Release|x64
		{C2BD88FE-E990-4EF0-BF18-29FDBF837CF8}.Release|x64.ActiveCfg = Release|x64
		{C2BD88FE-E990-4EF0-BF18-29FDBF837CF8}.Release|x64.Build.0 = Release|x64
		{C2BD88FE-E990-4EF0-BF18-29FDBF837CF8}.Release|x86.ActiveCfg = Release|Win32
		{C2BD88FE-E990-4EF0-BF18-29FDBF837CF8}.Release|x86.Build.0 = Release|Win32
		{65A0D453-CDF1-41B2-8D45-0EF288E5187B}.Debug|Any CPU.ActiveCfg = Debug|x64
		{65A0D453-CDF1-41B2-8D45-0EF288E5187B}.Debug|Any CPU.Build.0 = Debug|x64
		{65A0D453-CDF1-41B2-8D45-0EF288E5187B}.Debug|x64.ActiveCfg = Debug|x64
		{65A0D453-CDF1-41B2-8D45-0EF288E5187B}.Debug|x64.Build.0 = Debug|x64
		{65A0D453-CDF1-41B2-8D45-0EF288E5187B}.Debug|x86.ActiveCfg = Debug|Win32
		{65A0D453-CDF1-41B2-8D45-0EF288E5187B}.Debug|x86.Build.0 = Debug|Win32
		{65A0D453-CDF1-41B2-8D45-0EF288E5187B}.Release|Any CPU.ActiveCfg = Release|x64
		{65A0D453-CDF1-41B2-8D45-0EF288E5187B}.Release|Any CPU.Build.0 = Release|x64
		{65A0D453-CDF1-41B2-8D45-0EF288E5187B}.Release|x64.ActiveCfg = Release|x64
		{65A0D453-CDF1-41B2-8D45-0EF288E5187B}.Release|x64.Build.0 = Release|x64
		{65A0D453-CDF1-41B2-8D45-0EF288E5187B}.Release|x86.ActiveCfg = Release|Win32
		{65A0D453-CDF1-41B2-8D45-0EF288E5187B}.Release|x86.Build.0 = Release|Win32
	EndGlobalSection
	GlobalSection(SolutionProperties) = preSolution
		HideSolutionNode = FALSE
	EndGlobalSection
	GlobalSection(ExtensibilityGlobals) = postSolution
		SolutionGuid = {7C2E8968-F07F-4ADB-A119-34D406A3BF12}
	EndGlobalSection
EndGlobal
